
Microsoft Visual Studio Solution File, Format Version 12.00
# Visual Studio Version 17
VisualStudioVersion = 17.4.33213.308
MinimumVisualStudioVersion = 10.0.40219.1
Project("{9A19103F-16F7-4668-BE54-9A1E7A4F7556}") = "NewActivityProject", "NewActivityProject\NewActivityProject.csproj", "{924A6070-424A-4B82-8EB4-77C6947DB807}"
EndProject
Project("{9A19103F-16F7-4668-BE54-9A1E7A4F7556}") = "Application", "Application\Application.csproj", "{410556F3-CF9B-47FC-87FB-25B510EB9870}"
EndProject
Project("{9A19103F-16F7-4668-BE54-9A1E7A4F7556}") = "Domain", "Domain\Domain.csproj", "{F2681A72-1528-4730-AC4D-ED84017C15D1}"
EndProject
Project("{9A19103F-16F7-4668-BE54-9A1E7A4F7556}") = "Infrastructure", "Infrastructure\Infrastructure.csproj", "{0E4F9F41-6D91-425C-9D73-061F5B5FA124}"
EndProject
Project("{9A19103F-16F7-4668-BE54-9A1E7A4F7556}") = "TestProject", "TestProject\TestProject.csproj", "{D06A1AA2-CA92-4D12-BC34-0206376253FD}"
EndProject
Global
	GlobalSection(SolutionConfigurationPlatforms) = preSolution
		Debug|Any CPU = Debug|Any CPU
		Release|Any CPU = Release|Any CPU
	EndGlobalSection
	GlobalSection(ProjectConfigurationPlatforms) = postSolution
		{924A6070-424A-4B82-8EB4-77C6947DB807}.Debug|Any CPU.ActiveCfg = Debug|Any CPU
		{924A6070-424A-4B82-8EB4-77C6947DB807}.Debug|Any CPU.Build.0 = Debug|Any CPU
		{924A6070-424A-4B82-8EB4-77C6947DB807}.Release|Any CPU.ActiveCfg = Release|Any CPU
		{924A6070-424A-4B82-8EB4-77C6947DB807}.Release|Any CPU.Build.0 = Release|Any CPU
		{410556F3-CF9B-47FC-87FB-25B510EB9870}.Debug|Any CPU.ActiveCfg = Debug|Any CPU
		{410556F3-CF9B-47FC-87FB-25B510EB9870}.Debug|Any CPU.Build.0 = Debug|Any CPU
		{410556F3-CF9B-47FC-87FB-25B510EB9870}.Release|Any CPU.ActiveCfg = Release|Any CPU
		{410556F3-CF9B-47FC-87FB-25B510EB9870}.Release|Any CPU.Build.0 = Release|Any CPU
		{F2681A72-1528-4730-AC4D-ED84017C15D1}.Debug|Any CPU.ActiveCfg = Debug|Any CPU
		{F2681A72-1528-4730-AC4D-ED84017C15D1}.Debug|Any CPU.Build.0 = Debug|Any CPU
		{F2681A72-1528-4730-AC4D-ED84017C15D1}.Release|Any CPU.ActiveCfg = Release|Any CPU
		{F2681A72-1528-4730-AC4D-ED84017C15D1}.Release|Any CPU.Build.0 = Release|Any CPU
		{0E4F9F41-6D91-425C-9D73-061F5B5FA124}.Debug|Any CPU.ActiveCfg = Debug|Any CPU
		{0E4F9F41-6D91-425C-9D73-061F5B5FA124}.Debug|Any CPU.Build.0 = Debug|Any CPU
		{0E4F9F41-6D91-425C-9D73-061F5B5FA124}.Release|Any CPU.ActiveCfg = Release|Any CPU
		{0E4F9F41-6D91-425C-9D73-061F5B5FA124}.Release|Any CPU.Build.0 = Release|Any CPU
		{D06A1AA2-CA92-4D12-BC34-0206376253FD}.Debug|Any CPU.ActiveCfg = Debug|Any CPU
		{D06A1AA2-CA92-4D12-BC34-0206376253FD}.Debug|Any CPU.Build.0 = Debug|Any CPU
		{D06A1AA2-CA92-4D12-BC34-0206376253FD}.Release|Any CPU.ActiveCfg = Release|Any CPU
		{D06A1AA2-CA92-4D12-BC34-0206376253FD}.Release|Any CPU.Build.0 = Release|Any CPU
	EndGlobalSection
	GlobalSection(SolutionProperties) = preSolution
		HideSolutionNode = FALSE
	EndGlobalSection
	GlobalSection(ExtensibilityGlobals) = postSolution
		SolutionGuid = {9E3E0654-19FD-4D73-8312-D9721E45D7BA}
	EndGlobalSection
EndGlobal
